// !$*UTF8*$!
{
	archiveVersion = 1;
	classes = {
	};
	objectVersion = 56;
	objects = {

/* Begin PBXBuildFile section */
		0BB0167F2C9F61E800257081 /* MeliChallengeApp.swift in Sources */ = {isa = PBXBuildFile; fileRef = 0BB0167E2C9F61E800257081 /* MeliChallengeApp.swift */; };
		0BB016812C9F61E800257081 /* ContentView.swift in Sources */ = {isa = PBXBuildFile; fileRef = 0BB016802C9F61E800257081 /* ContentView.swift */; };
		0BB016832C9F61EA00257081 /* Assets.xcassets in Resources */ = {isa = PBXBuildFile; fileRef = 0BB016822C9F61EA00257081 /* Assets.xcassets */; };
		0BB016862C9F61EA00257081 /* Preview Assets.xcassets in Resources */ = {isa = PBXBuildFile; fileRef = 0BB016852C9F61EA00257081 /* Preview Assets.xcassets */; };
		0BB016902C9F61EA00257081 /* MeliChallengeTests.swift in Sources */ = {isa = PBXBuildFile; fileRef = 0BB0168F2C9F61EA00257081 /* MeliChallengeTests.swift */; };
		0BB0169A2C9F61EA00257081 /* MeliChallengeUITests.swift in Sources */ = {isa = PBXBuildFile; fileRef = 0BB016992C9F61EA00257081 /* MeliChallengeUITests.swift */; };
		0BB0169C2C9F61EA00257081 /* MeliChallengeUITestsLaunchTests.swift in Sources */ = {isa = PBXBuildFile; fileRef = 0BB0169B2C9F61EA00257081 /* MeliChallengeUITestsLaunchTests.swift */; };
		0BB016AC2C9F6AC900257081 /* SearchItem.swift in Sources */ = {isa = PBXBuildFile; fileRef = 0BB016AB2C9F6AC900257081 /* SearchItem.swift */; };
		0BB016AF2C9F710300257081 /* Price.swift in Sources */ = {isa = PBXBuildFile; fileRef = 0BB016AE2C9F710300257081 /* Price.swift */; };
		0BB016B12C9F717600257081 /* Currency.swift in Sources */ = {isa = PBXBuildFile; fileRef = 0BB016B02C9F717600257081 /* Currency.swift */; };
		0BB016B32C9F723E00257081 /* Installments.swift in Sources */ = {isa = PBXBuildFile; fileRef = 0BB016B22C9F723E00257081 /* Installments.swift */; };
		0BB016B62C9F803F00257081 /* HTTPClient.swift in Sources */ = {isa = PBXBuildFile; fileRef = 0BB016B52C9F803F00257081 /* HTTPClient.swift */; };
		0BB016B82C9F831400257081 /* URLSessionHTTPClient.swift in Sources */ = {isa = PBXBuildFile; fileRef = 0BB016B72C9F831400257081 /* URLSessionHTTPClient.swift */; };
/* End PBXBuildFile section */

/* Begin PBXContainerItemProxy section */
		0BB0168C2C9F61EA00257081 /* PBXContainerItemProxy */ = {
			isa = PBXContainerItemProxy;
			containerPortal = 0BB016732C9F61E800257081 /* Project object */;
			proxyType = 1;
			remoteGlobalIDString = 0BB0167A2C9F61E800257081;
			remoteInfo = MeliChallenge;
		};
		0BB016962C9F61EA00257081 /* PBXContainerItemProxy */ = {
			isa = PBXContainerItemProxy;
			containerPortal = 0BB016732C9F61E800257081 /* Project object */;
			proxyType = 1;
			remoteGlobalIDString = 0BB0167A2C9F61E800257081;
			remoteInfo = MeliChallenge;
		};
/* End PBXContainerItemProxy section */

/* Begin PBXFileReference section */
		0BB0167B2C9F61E800257081 /* MeliChallenge.app */ = {isa = PBXFileReference; explicitFileType = wrapper.application; includeInIndex = 0; path = MeliChallenge.app; sourceTree = BUILT_PRODUCTS_DIR; };
		0BB0167E2C9F61E800257081 /* MeliChallengeApp.swift */ = {isa = PBXFileReference; lastKnownFileType = sourcecode.swift; path = MeliChallengeApp.swift; sourceTree = "<group>"; };
		0BB016802C9F61E800257081 /* ContentView.swift */ = {isa = PBXFileReference; lastKnownFileType = sourcecode.swift; path = ContentView.swift; sourceTree = "<group>"; };
		0BB016822C9F61EA00257081 /* Assets.xcassets */ = {isa = PBXFileReference; lastKnownFileType = folder.assetcatalog; path = Assets.xcassets; sourceTree = "<group>"; };
		0BB016852C9F61EA00257081 /* Preview Assets.xcassets */ = {isa = PBXFileReference; lastKnownFileType = folder.assetcatalog; path = "Preview Assets.xcassets"; sourceTree = "<group>"; };
		0BB0168B2C9F61EA00257081 /* MeliChallengeTests.xctest */ = {isa = PBXFileReference; explicitFileType = wrapper.cfbundle; includeInIndex = 0; path = MeliChallengeTests.xctest; sourceTree = BUILT_PRODUCTS_DIR; };
		0BB0168F2C9F61EA00257081 /* MeliChallengeTests.swift */ = {isa = PBXFileReference; lastKnownFileType = sourcecode.swift; path = MeliChallengeTests.swift; sourceTree = "<group>"; };
		0BB016952C9F61EA00257081 /* MeliChallengeUITests.xctest */ = {isa = PBXFileReference; explicitFileType = wrapper.cfbundle; includeInIndex = 0; path = MeliChallengeUITests.xctest; sourceTree = BUILT_PRODUCTS_DIR; };
		0BB016992C9F61EA00257081 /* MeliChallengeUITests.swift */ = {isa = PBXFileReference; lastKnownFileType = sourcecode.swift; path = MeliChallengeUITests.swift; sourceTree = "<group>"; };
		0BB0169B2C9F61EA00257081 /* MeliChallengeUITestsLaunchTests.swift */ = {isa = PBXFileReference; lastKnownFileType = sourcecode.swift; path = MeliChallengeUITestsLaunchTests.swift; sourceTree = "<group>"; };
		0BB016AB2C9F6AC900257081 /* SearchItem.swift */ = {isa = PBXFileReference; lastKnownFileType = sourcecode.swift; path = SearchItem.swift; sourceTree = "<group>"; };
		0BB016AE2C9F710300257081 /* Price.swift */ = {isa = PBXFileReference; lastKnownFileType = sourcecode.swift; path = Price.swift; sourceTree = "<group>"; };
		0BB016B02C9F717600257081 /* Currency.swift */ = {isa = PBXFileReference; lastKnownFileType = sourcecode.swift; path = Currency.swift; sourceTree = "<group>"; };
		0BB016B22C9F723E00257081 /* Installments.swift */ = {isa = PBXFileReference; lastKnownFileType = sourcecode.swift; path = Installments.swift; sourceTree = "<group>"; };
		0BB016B52C9F803F00257081 /* HTTPClient.swift */ = {isa = PBXFileReference; lastKnownFileType = sourcecode.swift; path = HTTPClient.swift; sourceTree = "<group>"; };
		0BB016B72C9F831400257081 /* URLSessionHTTPClient.swift */ = {isa = PBXFileReference; lastKnownFileType = sourcecode.swift; path = URLSessionHTTPClient.swift; sourceTree = "<group>"; };
/* End PBXFileReference section */

/* Begin PBXFrameworksBuildPhase section */
		0BB016782C9F61E800257081 /* Frameworks */ = {
			isa = PBXFrameworksBuildPhase;
			buildActionMask = 2147483647;
			files = (
			);
			runOnlyForDeploymentPostprocessing = 0;
		};
		0BB016882C9F61EA00257081 /* Frameworks */ = {
			isa = PBXFrameworksBuildPhase;
			buildActionMask = 2147483647;
			files = (
			);
			runOnlyForDeploymentPostprocessing = 0;
		};
		0BB016922C9F61EA00257081 /* Frameworks */ = {
			isa = PBXFrameworksBuildPhase;
			buildActionMask = 2147483647;
			files = (
			);
			runOnlyForDeploymentPostprocessing = 0;
		};
/* End PBXFrameworksBuildPhase section */

/* Begin PBXGroup section */
		0BB016722C9F61E800257081 = {
			isa = PBXGroup;
			children = (
				0BB0167D2C9F61E800257081 /* MeliChallenge */,
				0BB0168E2C9F61EA00257081 /* MeliChallengeTests */,
				0BB016982C9F61EA00257081 /* MeliChallengeUITests */,
				0BB0167C2C9F61E800257081 /* Products */,
			);
			sourceTree = "<group>";
		};
		0BB0167C2C9F61E800257081 /* Products */ = {
			isa = PBXGroup;
			children = (
				0BB0167B2C9F61E800257081 /* MeliChallenge.app */,
				0BB0168B2C9F61EA00257081 /* MeliChallengeTests.xctest */,
				0BB016952C9F61EA00257081 /* MeliChallengeUITests.xctest */,
			);
			name = Products;
			sourceTree = "<group>";
		};
		0BB0167D2C9F61E800257081 /* MeliChallenge */ = {
			isa = PBXGroup;
			children = (
				0BB016B42C9F801700257081 /* NetworkServices */,
				0BB016A82C9F69FC00257081 /* Features */,
				0BB0167E2C9F61E800257081 /* MeliChallengeApp.swift */,
				0BB016802C9F61E800257081 /* ContentView.swift */,
				0BB016822C9F61EA00257081 /* Assets.xcassets */,
				0BB016842C9F61EA00257081 /* Preview Content */,
			);
			path = MeliChallenge;
			sourceTree = "<group>";
		};
		0BB016842C9F61EA00257081 /* Preview Content */ = {
			isa = PBXGroup;
			children = (
				0BB016852C9F61EA00257081 /* Preview Assets.xcassets */,
			);
			path = "Preview Content";
			sourceTree = "<group>";
		};
		0BB0168E2C9F61EA00257081 /* MeliChallengeTests */ = {
			isa = PBXGroup;
			children = (
				0BB0168F2C9F61EA00257081 /* MeliChallengeTests.swift */,
			);
			path = MeliChallengeTests;
			sourceTree = "<group>";
		};
		0BB016982C9F61EA00257081 /* MeliChallengeUITests */ = {
			isa = PBXGroup;
			children = (
				0BB016992C9F61EA00257081 /* MeliChallengeUITests.swift */,
				0BB0169B2C9F61EA00257081 /* MeliChallengeUITestsLaunchTests.swift */,
			);
			path = MeliChallengeUITests;
			sourceTree = "<group>";
		};
		0BB016A82C9F69FC00257081 /* Features */ = {
			isa = PBXGroup;
			children = (
				0BB016AA2C9F6A1500257081 /* Detail */,
				0BB016A92C9F6A0500257081 /* SearchList */,
			);
			path = Features;
			sourceTree = "<group>";
		};
		0BB016A92C9F6A0500257081 /* SearchList */ = {
			isa = PBXGroup;
			children = (
				0BB016AD2C9F70D000257081 /* Models */,
			);
			path = SearchList;
			sourceTree = "<group>";
		};
		0BB016AA2C9F6A1500257081 /* Detail */ = {
			isa = PBXGroup;
			children = (
			);
			path = Detail;
			sourceTree = "<group>";
		};
		0BB016AD2C9F70D000257081 /* Models */ = {
			isa = PBXGroup;
			children = (
				0BB016AB2C9F6AC900257081 /* SearchItem.swift */,
				0BB016AE2C9F710300257081 /* Price.swift */,
				0BB016B02C9F717600257081 /* Currency.swift */,
				0BB016B22C9F723E00257081 /* Installments.swift */,
			);
			path = Models;
			sourceTree = "<group>";
		};
		0BB016B42C9F801700257081 /* NetworkServices */ = {
			isa = PBXGroup;
			children = (
				0BB016B52C9F803F00257081 /* HTTPClient.swift */,
				0BB016B72C9F831400257081 /* URLSessionHTTPClient.swift */,
			);
			path = NetworkServices;
			sourceTree = "<group>";
		};
/* End PBXGroup section */

/* Begin PBXNativeTarget section */
		0BB0167A2C9F61E800257081 /* MeliChallenge */ = {
			isa = PBXNativeTarget;
			buildConfigurationList = 0BB0169F2C9F61EA00257081 /* Build configuration list for PBXNativeTarget "MeliChallenge" */;
			buildPhases = (
				0BB016772C9F61E800257081 /* Sources */,
				0BB016782C9F61E800257081 /* Frameworks */,
				0BB016792C9F61E800257081 /* Resources */,
			);
			buildRules = (
			);
			dependencies = (
			);
			name = MeliChallenge;
			productName = MeliChallenge;
			productReference = 0BB0167B2C9F61E800257081 /* MeliChallenge.app */;
			productType = "com.apple.product-type.application";
		};
		0BB0168A2C9F61EA00257081 /* MeliChallengeTests */ = {
			isa = PBXNativeTarget;
			buildConfigurationList = 0BB016A22C9F61EA00257081 /* Build configuration list for PBXNativeTarget "MeliChallengeTests" */;
			buildPhases = (
				0BB016872C9F61EA00257081 /* Sources */,
				0BB016882C9F61EA00257081 /* Frameworks */,
				0BB016892C9F61EA00257081 /* Resources */,
			);
			buildRules = (
			);
			dependencies = (
				0BB0168D2C9F61EA00257081 /* PBXTargetDependency */,
			);
			name = MeliChallengeTests;
			productName = MeliChallengeTests;
			productReference = 0BB0168B2C9F61EA00257081 /* MeliChallengeTests.xctest */;
			productType = "com.apple.product-type.bundle.unit-test";
		};
		0BB016942C9F61EA00257081 /* MeliChallengeUITests */ = {
			isa = PBXNativeTarget;
			buildConfigurationList = 0BB016A52C9F61EA00257081 /* Build configuration list for PBXNativeTarget "MeliChallengeUITests" */;
			buildPhases = (
				0BB016912C9F61EA00257081 /* Sources */,
				0BB016922C9F61EA00257081 /* Frameworks */,
				0BB016932C9F61EA00257081 /* Resources */,
			);
			buildRules = (
			);
			dependencies = (
				0BB016972C9F61EA00257081 /* PBXTargetDependency */,
			);
			name = MeliChallengeUITests;
			productName = MeliChallengeUITests;
			productReference = 0BB016952C9F61EA00257081 /* MeliChallengeUITests.xctest */;
			productType = "com.apple.product-type.bundle.ui-testing";
		};
/* End PBXNativeTarget section */

/* Begin PBXProject section */
		0BB016732C9F61E800257081 /* Project object */ = {
			isa = PBXProject;
			attributes = {
				BuildIndependentTargetsInParallel = 1;
				LastSwiftUpdateCheck = 1540;
				LastUpgradeCheck = 1540;
				TargetAttributes = {
					0BB0167A2C9F61E800257081 = {
						CreatedOnToolsVersion = 15.4;
					};
					0BB0168A2C9F61EA00257081 = {
						CreatedOnToolsVersion = 15.4;
						TestTargetID = 0BB0167A2C9F61E800257081;
					};
					0BB016942C9F61EA00257081 = {
						CreatedOnToolsVersion = 15.4;
						TestTargetID = 0BB0167A2C9F61E800257081;
					};
				};
			};
			buildConfigurationList = 0BB016762C9F61E800257081 /* Build configuration list for PBXProject "MeliChallenge" */;
			compatibilityVersion = "Xcode 14.0";
			developmentRegion = en;
			hasScannedForEncodings = 0;
			knownRegions = (
				en,
				Base,
			);
			mainGroup = 0BB016722C9F61E800257081;
			productRefGroup = 0BB0167C2C9F61E800257081 /* Products */;
			projectDirPath = "";
			projectRoot = "";
			targets = (
				0BB0167A2C9F61E800257081 /* MeliChallenge */,
				0BB0168A2C9F61EA00257081 /* MeliChallengeTests */,
				0BB016942C9F61EA00257081 /* MeliChallengeUITests */,
			);
		};
/* End PBXProject section */

/* Begin PBXResourcesBuildPhase section */
		0BB016792C9F61E800257081 /* Resources */ = {
			isa = PBXResourcesBuildPhase;
			buildActionMask = 2147483647;
			files = (
				0BB016862C9F61EA00257081 /* Preview Assets.xcassets in Resources */,
				0BB016832C9F61EA00257081 /* Assets.xcassets in Resources */,
			);
			runOnlyForDeploymentPostprocessing = 0;
		};
		0BB016892C9F61EA00257081 /* Resources */ = {
			isa = PBXResourcesBuildPhase;
			buildActionMask = 2147483647;
			files = (
			);
			runOnlyForDeploymentPostprocessing = 0;
		};
		0BB016932C9F61EA00257081 /* Resources */ = {
			isa = PBXResourcesBuildPhase;
			buildActionMask = 2147483647;
			files = (
			);
			runOnlyForDeploymentPostprocessing = 0;
		};
/* End PBXResourcesBuildPhase section */

/* Begin PBXSourcesBuildPhase section */
		0BB016772C9F61E800257081 /* Sources */ = {
			isa = PBXSourcesBuildPhase;
			buildActionMask = 2147483647;
			files = (
				0BB016812C9F61E800257081 /* ContentView.swift in Sources */,
				0BB016B12C9F717600257081 /* Currency.swift in Sources */,
				0BB0167F2C9F61E800257081 /* MeliChallengeApp.swift in Sources */,
				0BB016B82C9F831400257081 /* URLSessionHTTPClient.swift in Sources */,
				0BB016B62C9F803F00257081 /* HTTPClient.swift in Sources */,
				0BB016B32C9F723E00257081 /* Installments.swift in Sources */,
				0BB016AC2C9F6AC900257081 /* SearchItem.swift in Sources */,
				0BB016AF2C9F710300257081 /* Price.swift in Sources */,
			);
			runOnlyForDeploymentPostprocessing = 0;
		};
		0BB016872C9F61EA00257081 /* Sources */ = {
			isa = PBXSourcesBuildPhase;
			buildActionMask = 2147483647;
			files = (
				0BB016902C9F61EA00257081 /* MeliChallengeTests.swift in Sources */,
			);
			runOnlyForDeploymentPostprocessing = 0;
		};
		0BB016912C9F61EA00257081 /* Sources */ = {
			isa = PBXSourcesBuildPhase;
			buildActionMask = 2147483647;
			files = (
				0BB0169A2C9F61EA00257081 /* MeliChallengeUITests.swift in Sources */,
				0BB0169C2C9F61EA00257081 /* MeliChallengeUITestsLaunchTests.swift in Sources */,
			);
			runOnlyForDeploymentPostprocessing = 0;
		};
/* End PBXSourcesBuildPhase section */

/* Begin PBXTargetDependency section */
		0BB0168D2C9F61EA00257081 /* PBXTargetDependency */ = {
			isa = PBXTargetDependency;
			target = 0BB0167A2C9F61E800257081 /* MeliChallenge */;
			targetProxy = 0BB0168C2C9F61EA00257081 /* PBXContainerItemProxy */;
		};
		0BB016972C9F61EA00257081 /* PBXTargetDependency */ = {
			isa = PBXTargetDependency;
			target = 0BB0167A2C9F61E800257081 /* MeliChallenge */;
			targetProxy = 0BB016962C9F61EA00257081 /* PBXContainerItemProxy */;
		};
/* End PBXTargetDependency section */

/* Begin XCBuildConfiguration section */
		0BB0169D2C9F61EA00257081 /* Debug */ = {
			isa = XCBuildConfiguration;
			buildSettings = {
				ALWAYS_SEARCH_USER_PATHS = NO;
				ASSETCATALOG_COMPILER_GENERATE_SWIFT_ASSET_SYMBOL_EXTENSIONS = YES;
				CLANG_ANALYZER_NONNULL = YES;
				CLANG_ANALYZER_NUMBER_OBJECT_CONVERSION = YES_AGGRESSIVE;
				CLANG_CXX_LANGUAGE_STANDARD = "gnu++20";
				CLANG_ENABLE_MODULES = YES;
				CLANG_ENABLE_OBJC_ARC = YES;
				CLANG_ENABLE_OBJC_WEAK = YES;
				CLANG_WARN_BLOCK_CAPTURE_AUTORELEASING = YES;
				CLANG_WARN_BOOL_CONVERSION = YES;
				CLANG_WARN_COMMA = YES;
				CLANG_WARN_CONSTANT_CONVERSION = YES;
				CLANG_WARN_DEPRECATED_OBJC_IMPLEMENTATIONS = YES;
				CLANG_WARN_DIRECT_OBJC_ISA_USAGE = YES_ERROR;
				CLANG_WARN_DOCUMENTATION_COMMENTS = YES;
				CLANG_WARN_EMPTY_BODY = YES;
				CLANG_WARN_ENUM_CONVERSION = YES;
				CLANG_WARN_INFINITE_RECURSION = YES;
				CLANG_WARN_INT_CONVERSION = YES;
				CLANG_WARN_NON_LITERAL_NULL_CONVERSION = YES;
				CLANG_WARN_OBJC_IMPLICIT_RETAIN_SELF = YES;
				CLANG_WARN_OBJC_LITERAL_CONVERSION = YES;
				CLANG_WARN_OBJC_ROOT_CLASS = YES_ERROR;
				CLANG_WARN_QUOTED_INCLUDE_IN_FRAMEWORK_HEADER = YES;
				CLANG_WARN_RANGE_LOOP_ANALYSIS = YES;
				CLANG_WARN_STRICT_PROTOTYPES = YES;
				CLANG_WARN_SUSPICIOUS_MOVE = YES;
				CLANG_WARN_UNGUARDED_AVAILABILITY = YES_AGGRESSIVE;
				CLANG_WARN_UNREACHABLE_CODE = YES;
				CLANG_WARN__DUPLICATE_METHOD_MATCH = YES;
				COPY_PHASE_STRIP = NO;
				DEBUG_INFORMATION_FORMAT = dwarf;
				ENABLE_STRICT_OBJC_MSGSEND = YES;
				ENABLE_TESTABILITY = YES;
				ENABLE_USER_SCRIPT_SANDBOXING = YES;
				GCC_C_LANGUAGE_STANDARD = gnu17;
				GCC_DYNAMIC_NO_PIC = NO;
				GCC_NO_COMMON_BLOCKS = YES;
				GCC_OPTIMIZATION_LEVEL = 0;
				GCC_PREPROCESSOR_DEFINITIONS = (
					"DEBUG=1",
					"$(inherited)",
				);
				GCC_WARN_64_TO_32_BIT_CONVERSION = YES;
				GCC_WARN_ABOUT_RETURN_TYPE = YES_ERROR;
				GCC_WARN_UNDECLARED_SELECTOR = YES;
				GCC_WARN_UNINITIALIZED_AUTOS = YES_AGGRESSIVE;
				GCC_WARN_UNUSED_FUNCTION = YES;
				GCC_WARN_UNUSED_VARIABLE = YES;
				IPHONEOS_DEPLOYMENT_TARGET = 17.5;
				LOCALIZATION_PREFERS_STRING_CATALOGS = YES;
				MTL_ENABLE_DEBUG_INFO = INCLUDE_SOURCE;
				MTL_FAST_MATH = YES;
				ONLY_ACTIVE_ARCH = YES;
				SDKROOT = iphoneos;
				SWIFT_ACTIVE_COMPILATION_CONDITIONS = "DEBUG $(inherited)";
				SWIFT_OPTIMIZATION_LEVEL = "-Onone";
			};
			name = Debug;
		};
		0BB0169E2C9F61EA00257081 /* Release */ = {
			isa = XCBuildConfiguration;
			buildSettings = {
				ALWAYS_SEARCH_USER_PATHS = NO;
				ASSETCATALOG_COMPILER_GENERATE_SWIFT_ASSET_SYMBOL_EXTENSIONS = YES;
				CLANG_ANALYZER_NONNULL = YES;
				CLANG_ANALYZER_NUMBER_OBJECT_CONVERSION = YES_AGGRESSIVE;
				CLANG_CXX_LANGUAGE_STANDARD = "gnu++20";
				CLANG_ENABLE_MODULES = YES;
				CLANG_ENABLE_OBJC_ARC = YES;
				CLANG_ENABLE_OBJC_WEAK = YES;
				CLANG_WARN_BLOCK_CAPTURE_AUTORELEASING = YES;
				CLANG_WARN_BOOL_CONVERSION = YES;
				CLANG_WARN_COMMA = YES;
				CLANG_WARN_CONSTANT_CONVERSION = YES;
				CLANG_WARN_DEPRECATED_OBJC_IMPLEMENTATIONS = YES;
				CLANG_WARN_DIRECT_OBJC_ISA_USAGE = YES_ERROR;
				CLANG_WARN_DOCUMENTATION_COMMENTS = YES;
				CLANG_WARN_EMPTY_BODY = YES;
				CLANG_WARN_ENUM_CONVERSION = YES;
				CLANG_WARN_INFINITE_RECURSION = YES;
				CLANG_WARN_INT_CONVERSION = YES;
				CLANG_WARN_NON_LITERAL_NULL_CONVERSION = YES;
				CLANG_WARN_OBJC_IMPLICIT_RETAIN_SELF = YES;
				CLANG_WARN_OBJC_LITERAL_CONVERSION = YES;
				CLANG_WARN_OBJC_ROOT_CLASS = YES_ERROR;
				CLANG_WARN_QUOTED_INCLUDE_IN_FRAMEWORK_HEADER = YES;
				CLANG_WARN_RANGE_LOOP_ANALYSIS = YES;
				CLANG_WARN_STRICT_PROTOTYPES = YES;
				CLANG_WARN_SUSPICIOUS_MOVE = YES;
				CLANG_WARN_UNGUARDED_AVAILABILITY = YES_AGGRESSIVE;
				CLANG_WARN_UNREACHABLE_CODE = YES;
				CLANG_WARN__DUPLICATE_METHOD_MATCH = YES;
				COPY_PHASE_STRIP = NO;
				DEBUG_INFORMATION_FORMAT = "dwarf-with-dsym";
				ENABLE_NS_ASSERTIONS = NO;
				ENABLE_STRICT_OBJC_MSGSEND = YES;
				ENABLE_USER_SCRIPT_SANDBOXING = YES;
				GCC_C_LANGUAGE_STANDARD = gnu17;
				GCC_NO_COMMON_BLOCKS = YES;
				GCC_WARN_64_TO_32_BIT_CONVERSION = YES;
				GCC_WARN_ABOUT_RETURN_TYPE = YES_ERROR;
				GCC_WARN_UNDECLARED_SELECTOR = YES;
				GCC_WARN_UNINITIALIZED_AUTOS = YES_AGGRESSIVE;
				GCC_WARN_UNUSED_FUNCTION = YES;
				GCC_WARN_UNUSED_VARIABLE = YES;
				IPHONEOS_DEPLOYMENT_TARGET = 17.5;
				LOCALIZATION_PREFERS_STRING_CATALOGS = YES;
				MTL_ENABLE_DEBUG_INFO = NO;
				MTL_FAST_MATH = YES;
				SDKROOT = iphoneos;
				SWIFT_COMPILATION_MODE = wholemodule;
				VALIDATE_PRODUCT = YES;
			};
			name = Release;
		};
		0BB016A02C9F61EA00257081 /* Debug */ = {
			isa = XCBuildConfiguration;
			buildSettings = {
				ASSETCATALOG_COMPILER_APPICON_NAME = AppIcon;
				ASSETCATALOG_COMPILER_GLOBAL_ACCENT_COLOR_NAME = AccentColor;
				CODE_SIGN_STYLE = Automatic;
				CURRENT_PROJECT_VERSION = 1;
				DEVELOPMENT_ASSET_PATHS = "\"MeliChallenge/Preview Content\"";
				DEVELOPMENT_TEAM = 5R3NRRRC6P;
				ENABLE_PREVIEWS = YES;
				GENERATE_INFOPLIST_FILE = YES;
				INFOPLIST_KEY_UIApplicationSceneManifest_Generation = YES;
				INFOPLIST_KEY_UIApplicationSupportsIndirectInputEvents = YES;
				INFOPLIST_KEY_UILaunchScreen_Generation = YES;
				INFOPLIST_KEY_UISupportedInterfaceOrientations_iPad = "UIInterfaceOrientationPortrait UIInterfaceOrientationPortraitUpsideDown UIInterfaceOrientationLandscapeLeft UIInterfaceOrientationLandscapeRight";
				INFOPLIST_KEY_UISupportedInterfaceOrientations_iPhone = "UIInterfaceOrientationPortrait UIInterfaceOrientationLandscapeLeft UIInterfaceOrientationLandscapeRight";
				LD_RUNPATH_SEARCH_PATHS = (
					"$(inherited)",
					"@executable_path/Frameworks",
				);
				MARKETING_VERSION = 1.0;
				PRODUCT_BUNDLE_IDENTIFIER = com.andrescarrillo.MeliChallenge;
				PRODUCT_NAME = "$(TARGET_NAME)";
				SWIFT_EMIT_LOC_STRINGS = YES;
				SWIFT_VERSION = 5.0;
				TARGETED_DEVICE_FAMILY = "1,2";
			};
			name = Debug;
		};
		0BB016A12C9F61EA00257081 /* Release */ = {
			isa = XCBuildConfiguration;
			buildSettings = {
				ASSETCATALOG_COMPILER_APPICON_NAME = AppIcon;
				ASSETCATALOG_COMPILER_GLOBAL_ACCENT_COLOR_NAME = AccentColor;
				CODE_SIGN_STYLE = Automatic;
				CURRENT_PROJECT_VERSION = 1;
				DEVELOPMENT_ASSET_PATHS = "\"MeliChallenge/Preview Content\"";
				DEVELOPMENT_TEAM = 5R3NRRRC6P;
				ENABLE_PREVIEWS = YES;
				GENERATE_INFOPLIST_FILE = YES;
				INFOPLIST_KEY_UIApplicationSceneManifest_Generation = YES;
				INFOPLIST_KEY_UIApplicationSupportsIndirectInputEvents = YES;
				INFOPLIST_KEY_UILaunchScreen_Generation = YES;
				INFOPLIST_KEY_UISupportedInterfaceOrientations_iPad = "UIInterfaceOrientationPortrait UIInterfaceOrientationPortraitUpsideDown UIInterfaceOrientationLandscapeLeft UIInterfaceOrientationLandscapeRight";
				INFOPLIST_KEY_UISupportedInterfaceOrientations_iPhone = "UIInterfaceOrientationPortrait UIInterfaceOrientationLandscapeLeft UIInterfaceOrientationLandscapeRight";
				LD_RUNPATH_SEARCH_PATHS = (
					"$(inherited)",
					"@executable_path/Frameworks",
				);
				MARKETING_VERSION = 1.0;
				PRODUCT_BUNDLE_IDENTIFIER = com.andrescarrillo.MeliChallenge;
				PRODUCT_NAME = "$(TARGET_NAME)";
				SWIFT_EMIT_LOC_STRINGS = YES;
				SWIFT_VERSION = 5.0;
				TARGETED_DEVICE_FAMILY = "1,2";
			};
			name = Release;
		};
		0BB016A32C9F61EA00257081 /* Debug */ = {
			isa = XCBuildConfiguration;
			buildSettings = {
				ALWAYS_EMBED_SWIFT_STANDARD_LIBRARIES = YES;
				BUNDLE_LOADER = "$(TEST_HOST)";
				CODE_SIGN_STYLE = Automatic;
				CURRENT_PROJECT_VERSION = 1;
				DEVELOPMENT_TEAM = 5R3NRRRC6P;
				GENERATE_INFOPLIST_FILE = YES;
				IPHONEOS_DEPLOYMENT_TARGET = 17.5;
				MARKETING_VERSION = 1.0;
				PRODUCT_BUNDLE_IDENTIFIER = com.andrescarrillo.MeliChallengeTests;
				PRODUCT_NAME = "$(TARGET_NAME)";
				SWIFT_EMIT_LOC_STRINGS = NO;
				SWIFT_VERSION = 5.0;
				TARGETED_DEVICE_FAMILY = "1,2";
				TEST_HOST = "$(BUILT_PRODUCTS_DIR)/MeliChallenge.app/$(BUNDLE_EXECUTABLE_FOLDER_PATH)/MeliChallenge";
			};
			name = Debug;
		};
		0BB016A42C9F61EA00257081 /* Release */ = {
			isa = XCBuildConfiguration;
			buildSettings = {
				ALWAYS_EMBED_SWIFT_STANDARD_LIBRARIES = YES;
				BUNDLE_LOADER = "$(TEST_HOST)";
				CODE_SIGN_STYLE = Automatic;
				CURRENT_PROJECT_VERSION = 1;
				DEVELOPMENT_TEAM = 5R3NRRRC6P;
				GENERATE_INFOPLIST_FILE = YES;
				IPHONEOS_DEPLOYMENT_TARGET = 17.5;
				MARKETING_VERSION = 1.0;
				PRODUCT_BUNDLE_IDENTIFIER = com.andrescarrillo.MeliChallengeTests;
				PRODUCT_NAME = "$(TARGET_NAME)";
				SWIFT_EMIT_LOC_STRINGS = NO;
				SWIFT_VERSION = 5.0;
				TARGETED_DEVICE_FAMILY = "1,2";
				TEST_HOST = "$(BUILT_PRODUCTS_DIR)/MeliChallenge.app/$(BUNDLE_EXECUTABLE_FOLDER_PATH)/MeliChallenge";
			};
			name = Release;
		};
		0BB016A62C9F61EA00257081 /* Debug */ = {
			isa = XCBuildConfiguration;
			buildSettings = {
				ALWAYS_EMBED_SWIFT_STANDARD_LIBRARIES = YES;
				CODE_SIGN_STYLE = Automatic;
				CURRENT_PROJECT_VERSION = 1;
				DEVELOPMENT_TEAM = 5R3NRRRC6P;
				GENERATE_INFOPLIST_FILE = YES;
				MARKETING_VERSION = 1.0;
				PRODUCT_BUNDLE_IDENTIFIER = com.andrescarrillo.MeliChallengeUITests;
				PRODUCT_NAME = "$(TARGET_NAME)";
				SWIFT_EMIT_LOC_STRINGS = NO;
				SWIFT_VERSION = 5.0;
				TARGETED_DEVICE_FAMILY = "1,2";
				TEST_TARGET_NAME = MeliChallenge;
			};
			name = Debug;
		};
		0BB016A72C9F61EA00257081 /* Release */ = {
			isa = XCBuildConfiguration;
			buildSettings = {
				ALWAYS_EMBED_SWIFT_STANDARD_LIBRARIES = YES;
				CODE_SIGN_STYLE = Automatic;
				CURRENT_PROJECT_VERSION = 1;
				DEVELOPMENT_TEAM = 5R3NRRRC6P;
				GENERATE_INFOPLIST_FILE = YES;
				MARKETING_VERSION = 1.0;
				PRODUCT_BUNDLE_IDENTIFIER = com.andrescarrillo.MeliChallengeUITests;
				PRODUCT_NAME = "$(TARGET_NAME)";
				SWIFT_EMIT_LOC_STRINGS = NO;
				SWIFT_VERSION = 5.0;
				TARGETED_DEVICE_FAMILY = "1,2";
				TEST_TARGET_NAME = MeliChallenge;
			};
			name = Release;
		};
/* End XCBuildConfiguration section */

/* Begin XCConfigurationList section */
		0BB016762C9F61E800257081 /* Build configuration list for PBXProject "MeliChallenge" */ = {
			isa = XCConfigurationList;
			buildConfigurations = (
				0BB0169D2C9F61EA00257081 /* Debug */,
				0BB0169E2C9F61EA00257081 /* Release */,
			);
			defaultConfigurationIsVisible = 0;
			defaultConfigurationName = Release;
		};
		0BB0169F2C9F61EA00257081 /* Build configuration list for PBXNativeTarget "MeliChallenge" */ = {
			isa = XCConfigurationList;
			buildConfigurations = (
				0BB016A02C9F61EA00257081 /* Debug */,
				0BB016A12C9F61EA00257081 /* Release */,
			);
			defaultConfigurationIsVisible = 0;
			defaultConfigurationName = Release;
		};
		0BB016A22C9F61EA00257081 /* Build configuration list for PBXNativeTarget "MeliChallengeTests" */ = {
			isa = XCConfigurationList;
			buildConfigurations = (
				0BB016A32C9F61EA00257081 /* Debug */,
				0BB016A42C9F61EA00257081 /* Release */,
			);
			defaultConfigurationIsVisible = 0;
			defaultConfigurationName = Release;
		};
		0BB016A52C9F61EA00257081 /* Build configuration list for PBXNativeTarget "MeliChallengeUITests" */ = {
			isa = XCConfigurationList;
			buildConfigurations = (
				0BB016A62C9F61EA00257081 /* Debug */,
				0BB016A72C9F61EA00257081 /* Release */,
			);
			defaultConfigurationIsVisible = 0;
			defaultConfigurationName = Release;
		};
/* End XCConfigurationList section */
	};
	rootObject = 0BB016732C9F61E800257081 /* Project object */;
}
